
Microsoft Visual Studio Solution File, Format Version 12.00
# Visual Studio 15
VisualStudioVersion = 15.0.28010.2041
MinimumVisualStudioVersion = 10.0.40219.1
Project("{8BC9CEB8-8B4A-11D0-8D11-00A0C91BC942}") = "Laboratory1", "Laboratory1\Laboratory1.vcxproj", "{CCD76AFF-E588-43FB-8FD8-50D6FCCCEDE5}"
EndProject
Global
	GlobalSection(SolutionConfigurationPlatforms) = preSolution
		Debug|x64 = Debug|x64
		Debug|x86 = Debug|x86
		Release|x64 = Release|x64
		Release|x86 = Release|x86
	EndGlobalSection
	GlobalSection(ProjectConfigurationPlatforms) = postSolution
		{CCD76AFF-E588-43FB-8FD8-50D6FCCCEDE5}.Debug|x64.ActiveCfg = Debug|x64
		{CCD76AFF-E588-43FB-8FD8-50D6FCCCEDE5}.Debug|x64.Build.0 = Debug|x64
		{CCD76AFF-E588-43FB-8FD8-50D6FCCCEDE5}.Debug|x86.ActiveCfg = Debug|Win32
		{CCD76AFF-E588-43FB-8FD8-50D6FCCCEDE5}.Debug|x86.Build.0 = Debug|Win32
		{CCD76AFF-E588-43FB-8FD8-50D6FCCCEDE5}.Release|x64.ActiveCfg = Release|x64
		{CCD76AFF-E588-43FB-8FD8-50D6FCCCEDE5}.Release|x64.Build.0 = Release|x64
		{CCD76AFF-E588-43FB-8FD8-50D6FCCCEDE5}.Release|x86.ActiveCfg = Release|Win32
		{CCD76AFF-E588-43FB-8FD8-50D6FCCCEDE5}.Release|x86.Build.0 = Release|Win32
	EndGlobalSection
	GlobalSection(SolutionProperties) = preSolution
		HideSolutionNode = FALSE
	EndGlobalSection
	GlobalSection(ExtensibilityGlobals) = postSolution
		SolutionGuid = {D17704B8-6461-4640-9DF6-23E05661C1D9}
	EndGlobalSection
EndGlobal
